// !$*UTF8*$!
{
	archiveVersion = 1;
	classes = {
	};
	objectVersion = 51;
	objects = {

/* Begin PBXBuildFile section */
		463169445A112DCD295DB296 /* Pods_CreditCard.framework in Frameworks */ = {isa = PBXBuildFile; fileRef = D48485F3B5FC757011043B4F /* Pods_CreditCard.framework */; };
		D73092D5264854B70011110B /* AppDelegate.swift in Sources */ = {isa = PBXBuildFile; fileRef = D73092D4264854B70011110B /* AppDelegate.swift */; };
		D73092D7264854B70011110B /* SceneDelegate.swift in Sources */ = {isa = PBXBuildFile; fileRef = D73092D6264854B70011110B /* SceneDelegate.swift */; };
		D73092D9264854B70011110B /* VisaVC.swift in Sources */ = {isa = PBXBuildFile; fileRef = D73092D8264854B70011110B /* VisaVC.swift */; };
		D73092DC264854B70011110B /* Main.storyboard in Resources */ = {isa = PBXBuildFile; fileRef = D73092DA264854B70011110B /* Main.storyboard */; };
		D73092DE264854BB0011110B /* Assets.xcassets in Resources */ = {isa = PBXBuildFile; fileRef = D73092DD264854BB0011110B /* Assets.xcassets */; };
		D73092E1264854BB0011110B /* LaunchScreen.storyboard in Resources */ = {isa = PBXBuildFile; fileRef = D73092DF264854BB0011110B /* LaunchScreen.storyboard */; };
		D73092F0264856BE0011110B /* Extenstion.swift in Sources */ = {isa = PBXBuildFile; fileRef = D73092EF264856BE0011110B /* Extenstion.swift */; };
/* End PBXBuildFile section */

/* Begin PBXFileReference section */
		479B3FB3DA2300DE81D8CCC3 /* Pods-CreditCard.debug.xcconfig */ = {isa = PBXFileReference; includeInIndex = 1; lastKnownFileType = text.xcconfig; name = "Pods-CreditCard.debug.xcconfig"; path = "Target Support Files/Pods-CreditCard/Pods-CreditCard.debug.xcconfig"; sourceTree = "<group>"; };
		81C3317ED10410C0AC63CD13 /* Pods-CreditCard.release.xcconfig */ = {isa = PBXFileReference; includeInIndex = 1; lastKnownFileType = text.xcconfig; name = "Pods-CreditCard.release.xcconfig"; path = "Target Support Files/Pods-CreditCard/Pods-CreditCard.release.xcconfig"; sourceTree = "<group>"; };
		D48485F3B5FC757011043B4F /* Pods_CreditCard.framework */ = {isa = PBXFileReference; explicitFileType = wrapper.framework; includeInIndex = 0; path = Pods_CreditCard.framework; sourceTree = BUILT_PRODUCTS_DIR; };
		D73092D1264854B70011110B /* CreditCard.app */ = {isa = PBXFileReference; explicitFileType = wrapper.application; includeInIndex = 0; path = CreditCard.app; sourceTree = BUILT_PRODUCTS_DIR; };
		D73092D4264854B70011110B /* AppDelegate.swift */ = {isa = PBXFileReference; lastKnownFileType = sourcecode.swift; path = AppDelegate.swift; sourceTree = "<group>"; };
		D73092D6264854B70011110B /* SceneDelegate.swift */ = {isa = PBXFileReference; lastKnownFileType = sourcecode.swift; path = SceneDelegate.swift; sourceTree = "<group>"; };
		D73092D8264854B70011110B /* VisaVC.swift */ = {isa = PBXFileReference; lastKnownFileType = sourcecode.swift; path = VisaVC.swift; sourceTree = "<group>"; };
		D73092DB264854B70011110B /* Base */ = {isa = PBXFileReference; lastKnownFileType = file.storyboard; name = Base; path = Base.lproj/Main.storyboard; sourceTree = "<group>"; };
		D73092DD264854BB0011110B /* Assets.xcassets */ = {isa = PBXFileReference; lastKnownFileType = folder.assetcatalog; path = Assets.xcassets; sourceTree = "<group>"; };
		D73092E0264854BB0011110B /* Base */ = {isa = PBXFileReference; lastKnownFileType = file.storyboard; name = Base; path = Base.lproj/LaunchScreen.storyboard; sourceTree = "<group>"; };
		D73092E2264854BB0011110B /* Info.plist */ = {isa = PBXFileReference; lastKnownFileType = text.plist.xml; path = Info.plist; sourceTree = "<group>"; };
		D73092EF264856BE0011110B /* Extenstion.swift */ = {isa = PBXFileReference; lastKnownFileType = sourcecode.swift; path = Extenstion.swift; sourceTree = "<group>"; };
/* End PBXFileReference section */

/* Begin PBXFrameworksBuildPhase section */
		D73092CE264854B70011110B /* Frameworks */ = {
			isa = PBXFrameworksBuildPhase;
			buildActionMask = 2147483647;
			files = (
				463169445A112DCD295DB296 /* Pods_CreditCard.framework in Frameworks */,
			);
			runOnlyForDeploymentPostprocessing = 0;
		};
/* End PBXFrameworksBuildPhase section */

/* Begin PBXGroup section */
		ADE237D03C353668DB6F418A /* Frameworks */ = {
			isa = PBXGroup;
			children = (
				D48485F3B5FC757011043B4F /* Pods_CreditCard.framework */,
			);
			name = Frameworks;
			sourceTree = "<group>";
		};
		D73092C8264854B70011110B = {
			isa = PBXGroup;
			children = (
				D73092D3264854B70011110B /* CreditCard */,
				D73092D2264854B70011110B /* Products */,
				DF6084CD7813FC11B96E74E2 /* Pods */,
				ADE237D03C353668DB6F418A /* Frameworks */,
			);
			sourceTree = "<group>";
		};
		D73092D2264854B70011110B /* Products */ = {
			isa = PBXGroup;
			children = (
				D73092D1264854B70011110B /* CreditCard.app */,
			);
			name = Products;
			sourceTree = "<group>";
		};
		D73092D3264854B70011110B /* CreditCard */ = {
			isa = PBXGroup;
			children = (
				D73092D4264854B70011110B /* AppDelegate.swift */,
				D73092D6264854B70011110B /* SceneDelegate.swift */,
				D73092D8264854B70011110B /* VisaVC.swift */,
				D73092EF264856BE0011110B /* Extenstion.swift */,
				D73092DA264854B70011110B /* Main.storyboard */,
				D73092DD264854BB0011110B /* Assets.xcassets */,
				D73092DF264854BB0011110B /* LaunchScreen.storyboard */,
				D73092E2264854BB0011110B /* Info.plist */,
			);
			path = CreditCard;
			sourceTree = "<group>";
		};
		DF6084CD7813FC11B96E74E2 /* Pods */ = {
			isa = PBXGroup;
			children = (
				479B3FB3DA2300DE81D8CCC3 /* Pods-CreditCard.debug.xcconfig */,
				81C3317ED10410C0AC63CD13 /* Pods-CreditCard.release.xcconfig */,
			);
			path = Pods;
			sourceTree = "<group>";
		};
/* End PBXGroup section */

/* Begin PBXNativeTarget section */
		D73092D0264854B70011110B /* CreditCard */ = {
			isa = PBXNativeTarget;
			buildConfigurationList = D73092E5264854BB0011110B /* Build configuration list for PBXNativeTarget "CreditCard" */;
			buildPhases = (
				1874872D94C870A0728B7E43 /* [CP] Check Pods Manifest.lock */,
				D73092CD264854B70011110B /* Sources */,
				D73092CE264854B70011110B /* Frameworks */,
				D73092CF264854B70011110B /* Resources */,
				869B900F01BA9E00B1864A95 /* [CP] Embed Pods Frameworks */,
			);
			buildRules = (
			);
			dependencies = (
			);
			name = CreditCard;
			productName = CreditCard;
			productReference = D73092D1264854B70011110B /* CreditCard.app */;
			productType = "com.apple.product-type.application";
		};
/* End PBXNativeTarget section */

/* Begin PBXProject section */
		D73092C9264854B70011110B /* Project object */ = {
			isa = PBXProject;
			attributes = {
				LastSwiftUpdateCheck = 1240;
				LastUpgradeCheck = 1240;
				TargetAttributes = {
					D73092D0264854B70011110B = {
						CreatedOnToolsVersion = 12.4;
					};
				};
			};
			buildConfigurationList = D73092CC264854B70011110B /* Build configuration list for PBXProject "CreditCard" */;
			compatibilityVersion = "Xcode 9.3";
			developmentRegion = en;
			hasScannedForEncodings = 0;
			knownRegions = (
				en,
				Base,
			);
			mainGroup = D73092C8264854B70011110B;
			productRefGroup = D73092D2264854B70011110B /* Products */;
			projectDirPath = "";
			projectRoot = "";
			targets = (
				D73092D0264854B70011110B /* CreditCard */,
			);
		};
/* End PBXProject section */

/* Begin PBXResourcesBuildPhase section */
		D73092CF264854B70011110B /* Resources */ = {
			isa = PBXResourcesBuildPhase;
			buildActionMask = 2147483647;
			files = (
				D73092E1264854BB0011110B /* LaunchScreen.storyboard in Resources */,
				D73092DE264854BB0011110B /* Assets.xcassets in Resources */,
				D73092DC264854B70011110B /* Main.storyboard in Resources */,
			);
			runOnlyForDeploymentPostprocessing = 0;
		};
/* End PBXResourcesBuildPhase section */

/* Begin PBXShellScriptBuildPhase section */
		1874872D94C870A0728B7E43 /* [CP] Check Pods Manifest.lock */ = {
			isa = PBXShellScriptBuildPhase;
			buildActionMask = 2147483647;
			files = (
			);
			inputFileListPaths = (
			);
			inputPaths = (
				"${PODS_PODFILE_DIR_PATH}/Podfile.lock",
				"${PODS_ROOT}/Manifest.lock",
			);
			name = "[CP] Check Pods Manifest.lock";
			outputFileListPaths = (
			);
			outputPaths = (
				"$(DERIVED_FILE_DIR)/Pods-CreditCard-checkManifestLockResult.txt",
			);
			runOnlyForDeploymentPostprocessing = 0;
			shellPath = /bin/sh;
			shellScript = "diff \"${PODS_PODFILE_DIR_PATH}/Podfile.lock\" \"${PODS_ROOT}/Manifest.lock\" > /dev/null\nif [ $? != 0 ] ; then\n    # print error to STDERR\n    echo \"error: The sandbox is not in sync with the Podfile.lock. Run 'pod install' or update your CocoaPods installation.\" >&2\n    exit 1\nfi\n# This output is used by Xcode 'outputs' to avoid re-running this script phase.\necho \"SUCCESS\" > \"${SCRIPT_OUTPUT_FILE_0}\"\n";
			showEnvVarsInLog = 0;
		};
		869B900F01BA9E00B1864A95 /* [CP] Embed Pods Frameworks */ = {
			isa = PBXShellScriptBuildPhase;
			buildActionMask = 2147483647;
			files = (
			);
			inputFileListPaths = (
				"${PODS_ROOT}/Target Support Files/Pods-CreditCard/Pods-CreditCard-frameworks-${CONFIGURATION}-input-files.xcfilelist",
			);
			name = "[CP] Embed Pods Frameworks";
			outputFileListPaths = (
				"${PODS_ROOT}/Target Support Files/Pods-CreditCard/Pods-CreditCard-frameworks-${CONFIGURATION}-output-files.xcfilelist",
			);
			runOnlyForDeploymentPostprocessing = 0;
			shellPath = /bin/sh;
			shellScript = "\"${PODS_ROOT}/Target Support Files/Pods-CreditCard/Pods-CreditCard-frameworks.sh\"\n";
			showEnvVarsInLog = 0;
		};
/* End PBXShellScriptBuildPhase section */

/* Begin PBXSourcesBuildPhase section */
		D73092CD264854B70011110B /* Sources */ = {
			isa = PBXSourcesBuildPhase;
			buildActionMask = 2147483647;
			files = (
				D73092F0264856BE0011110B /* Extenstion.swift in Sources */,
				D73092D9264854B70011110B /* VisaVC.swift in Sources */,
				D73092D5264854B70011110B /* AppDelegate.swift in Sources */,
				D73092D7264854B70011110B /* SceneDelegate.swift in Sources */,
			);
			runOnlyForDeploymentPostprocessing = 0;
		};
/* End PBXSourcesBuildPhase section */

/* Begin PBXVariantGroup section */
		D73092DA264854B70011110B /* Main.storyboard */ = {
			isa = PBXVariantGroup;
			children = (
				D73092DB264854B70011110B /* Base */,
			);
			name = Main.storyboard;
			sourceTree = "<group>";
		};
		D73092DF264854BB0011110B /* LaunchScreen.storyboard */ = {
			isa = PBXVariantGroup;
			children = (
				D73092E0264854BB0011110B /* Base */,
			);
			name = LaunchScreen.storyboard;
			sourceTree = "<group>";
		};
/* End PBXVariantGroup section */

/* Begin XCBuildConfiguration section */
		D73092E3264854BB0011110B /* Debug */ = {
			isa = XCBuildConfiguration;
			buildSettings = {
				ALWAYS_SEARCH_USER_PATHS = NO;
				CLANG_ANALYZER_NONNULL = YES;
				CLANG_ANALYZER_NUMBER_OBJECT_CONVERSION = YES_AGGRESSIVE;
				CLANG_CXX_LANGUAGE_STANDARD = "gnu++14";
				CLANG_CXX_LIBRARY = "libc++";
				CLANG_ENABLE_MODULES = YES;
				CLANG_ENABLE_OBJC_ARC = YES;
				CLANG_ENABLE_OBJC_WEAK = YES;
				CLANG_WARN_BLOCK_CAPTURE_AUTORELEASING = YES;
				CLANG_WARN_BOOL_CONVERSION = YES;
				CLANG_WARN_COMMA = YES;
				CLANG_WARN_CONSTANT_CONVERSION = YES;
				CLANG_WARN_DEPRECATED_OBJC_IMPLEMENTATIONS = YES;
				CLANG_WARN_DIRECT_OBJC_ISA_USAGE = YES_ERROR;
				CLANG_WARN_DOCUMENTATION_COMMENTS = YES;
				CLANG_WARN_EMPTY_BODY = YES;
				CLANG_WARN_ENUM_CONVERSION = YES;
				CLANG_WARN_INFINITE_RECURSION = YES;
				CLANG_WARN_INT_CONVERSION = YES;
				CLANG_WARN_NON_LITERAL_NULL_CONVERSION = YES;
				CLANG_WARN_OBJC_IMPLICIT_RETAIN_SELF = YES;
				CLANG_WARN_OBJC_LITERAL_CONVERSION = YES;
				CLANG_WARN_OBJC_ROOT_CLASS = YES_ERROR;
				CLANG_WARN_QUOTED_INCLUDE_IN_FRAMEWORK_HEADER = YES;
				CLANG_WARN_RANGE_LOOP_ANALYSIS = YES;
				CLANG_WARN_STRICT_PROTOTYPES = YES;
				CLANG_WARN_SUSPICIOUS_MOVE = YES;
				CLANG_WARN_UNGUARDED_AVAILABILITY = YES_AGGRESSIVE;
				CLANG_WARN_UNREACHABLE_CODE = YES;
				CLANG_WARN__DUPLICATE_METHOD_MATCH = YES;
				COPY_PHASE_STRIP = NO;
				DEBUG_INFORMATION_FORMAT = dwarf;
				ENABLE_STRICT_OBJC_MSGSEND = YES;
				ENABLE_TESTABILITY = YES;
				GCC_C_LANGUAGE_STANDARD = gnu11;
				GCC_DYNAMIC_NO_PIC = NO;
				GCC_NO_COMMON_BLOCKS = YES;
				GCC_OPTIMIZATION_LEVEL = 0;
				GCC_PREPROCESSOR_DEFINITIONS = (
					"DEBUG=1",
					"$(inherited)",
				);
				GCC_WARN_64_TO_32_BIT_CONVERSION = YES;
				GCC_WARN_ABOUT_RETURN_TYPE = YES_ERROR;
				GCC_WARN_UNDECLARED_SELECTOR = YES;
				GCC_WARN_UNINITIALIZED_AUTOS = YES_AGGRESSIVE;
				GCC_WARN_UNUSED_FUNCTION = YES;
				GCC_WARN_UNUSED_VARIABLE = YES;
				IPHONEOS_DEPLOYMENT_TARGET = 14.4;
				MTL_ENABLE_DEBUG_INFO = INCLUDE_SOURCE;
				MTL_FAST_MATH = YES;
				ONLY_ACTIVE_ARCH = YES;
				SDKROOT = iphoneos;
				SWIFT_ACTIVE_COMPILATION_CONDITIONS = DEBUG;
				SWIFT_OPTIMIZATION_LEVEL = "-Onone";
			};
			name = Debug;
		};
		D73092E4264854BB0011110B /* Release */ = {
			isa = XCBuildConfiguration;
			buildSettings = {
				ALWAYS_SEARCH_USER_PATHS = NO;
				CLANG_ANALYZER_NONNULL = YES;
				CLANG_ANALYZER_NUMBER_OBJECT_CONVERSION = YES_AGGRESSIVE;
				CLANG_CXX_LANGUAGE_STANDARD = "gnu++14";
				CLANG_CXX_LIBRARY = "libc++";
				CLANG_ENABLE_MODULES = YES;
				CLANG_ENABLE_OBJC_ARC = YES;
				CLANG_ENABLE_OBJC_WEAK = YES;
				CLANG_WARN_BLOCK_CAPTURE_AUTORELEASING = YES;
				CLANG_WARN_BOOL_CONVERSION = YES;
				CLANG_WARN_COMMA = YES;
				CLANG_WARN_CONSTANT_CONVERSION = YES;
				CLANG_WARN_DEPRECATED_OBJC_IMPLEMENTATIONS = YES;
				CLANG_WARN_DIRECT_OBJC_ISA_USAGE = YES_ERROR;
				CLANG_WARN_DOCUMENTATION_COMMENTS = YES;
				CLANG_WARN_EMPTY_BODY = YES;
				CLANG_WARN_ENUM_CONVERSION = YES;
				CLANG_WARN_INFINITE_RECURSION = YES;
				CLANG_WARN_INT_CONVERSION = YES;
				CLANG_WARN_NON_LITERAL_NULL_CONVERSION = YES;
				CLANG_WARN_OBJC_IMPLICIT_RETAIN_SELF = YES;
				CLANG_WARN_OBJC_LITERAL_CONVERSION = YES;
				CLANG_WARN_OBJC_ROOT_CLASS = YES_ERROR;
				CLANG_WARN_QUOTED_INCLUDE_IN_FRAMEWORK_HEADER = YES;
				CLANG_WARN_RANGE_LOOP_ANALYSIS = YES;
				CLANG_WARN_STRICT_PROTOTYPES = YES;
				CLANG_WARN_SUSPICIOUS_MOVE = YES;
				CLANG_WARN_UNGUARDED_AVAILABILITY = YES_AGGRESSIVE;
				CLANG_WARN_UNREACHABLE_CODE = YES;
				CLANG_WARN__DUPLICATE_METHOD_MATCH = YES;
				COPY_PHASE_STRIP = NO;
				DEBUG_INFORMATION_FORMAT = "dwarf-with-dsym";
				ENABLE_NS_ASSERTIONS = NO;
				ENABLE_STRICT_OBJC_MSGSEND = YES;
				GCC_C_LANGUAGE_STANDARD = gnu11;
				GCC_NO_COMMON_BLOCKS = YES;
				GCC_WARN_64_TO_32_BIT_CONVERSION = YES;
				GCC_WARN_ABOUT_RETURN_TYPE = YES_ERROR;
				GCC_WARN_UNDECLARED_SELECTOR = YES;
				GCC_WARN_UNINITIALIZED_AUTOS = YES_AGGRESSIVE;
				GCC_WARN_UNUSED_FUNCTION = YES;
				GCC_WARN_UNUSED_VARIABLE = YES;
				IPHONEOS_DEPLOYMENT_TARGET = 14.4;
				MTL_ENABLE_DEBUG_INFO = NO;
				MTL_FAST_MATH = YES;
				SDKROOT = iphoneos;
				SWIFT_COMPILATION_MODE = wholemodule;
				SWIFT_OPTIMIZATION_LEVEL = "-O";
				VALIDATE_PRODUCT = YES;
			};
			name = Release;
		};
		D73092E6264854BB0011110B /* Debug */ = {
			isa = XCBuildConfiguration;
			baseConfigurationReference = 479B3FB3DA2300DE81D8CCC3 /* Pods-CreditCard.debug.xcconfig */;
			buildSettings = {
				ASSETCATALOG_COMPILER_APPICON_NAME = AppIcon;
				ASSETCATALOG_COMPILER_GLOBAL_ACCENT_COLOR_NAME = AccentColor;
				CODE_SIGN_STYLE = Automatic;
				DEVELOPMENT_TEAM = SB6MTB7YS3;
				INFOPLIST_FILE = CreditCard/Info.plist;
				LD_RUNPATH_SEARCH_PATHS = (
					"$(inherited)",
					"@executable_path/Frameworks",
				);
				PRODUCT_BUNDLE_IDENTIFIER = hanykaram.CreditCard;
				PRODUCT_NAME = "$(TARGET_NAME)";
				SWIFT_VERSION = 5.0;
				TARGETED_DEVICE_FAMILY = "1,2";
			};
			name = Debug;
		};
		D73092E7264854BB0011110B /* Release */ = {
			isa = XCBuildConfiguration;
			baseConfigurationReference = 81C3317ED10410C0AC63CD13 /* Pods-CreditCard.release.xcconfig */;
			buildSettings = {
				ASSETCATALOG_COMPILER_APPICON_NAME = AppIcon;
				ASSETCATALOG_COMPILER_GLOBAL_ACCENT_COLOR_NAME = AccentColor;
				CODE_SIGN_STYLE = Automatic;
				DEVELOPMENT_TEAM = SB6MTB7YS3;
				INFOPLIST_FILE = CreditCard/Info.plist;
				LD_RUNPATH_SEARCH_PATHS = (
					"$(inherited)",
					"@executable_path/Frameworks",
				);
				PRODUCT_BUNDLE_IDENTIFIER = hanykaram.CreditCard;
				PRODUCT_NAME = "$(TARGET_NAME)";
				SWIFT_VERSION = 5.0;
				TARGETED_DEVICE_FAMILY = "1,2";
			};
			name = Release;
		};
/* End XCBuildConfiguration section */

/* Begin XCConfigurationList section */
		D73092CC264854B70011110B /* Build configuration list for PBXProject "CreditCard" */ = {
			isa = XCConfigurationList;
			buildConfigurations = (
				D73092E3264854BB0011110B /* Debug */,
				D73092E4264854BB0011110B /* Release */,
			);
			defaultConfigurationIsVisible = 0;
			defaultConfigurationName = Release;
		};
		D73092E5264854BB0011110B /* Build configuration list for PBXNativeTarget "CreditCard" */ = {
			isa = XCConfigurationList;
			buildConfigurations = (
				D73092E6264854BB0011110B /* Debug */,
				D73092E7264854BB0011110B /* Release */,
			);
			defaultConfigurationIsVisible = 0;
			defaultConfigurationName = Release;
		};
/* End XCConfigurationList section */
	};
	rootObject = D73092C9264854B70011110B /* Project object */;
}
